
Microsoft Visual Studio Solution File, Format Version 12.00
# Visual Studio Version 17
VisualStudioVersion = 17.4.33403.182
MinimumVisualStudioVersion = 10.0.40219.1
Project("{FAE04EC0-301F-11D3-BF4B-00C04F79EFBC}") = "AnonimousMailServiceTest", "AnonimousMailServiceTest\AnonimousMailServiceTest.csproj", "{795FD687-9052-482F-8652-286439E10EAE}"
EndProject
Global
	GlobalSection(SolutionConfigurationPlatforms) = preSolution
		Debug|Any CPU = Debug|Any CPU
		Release|Any CPU = Release|Any CPU
	EndGlobalSection
	GlobalSection(ProjectConfigurationPlatforms) = postSolution
		{795FD687-9052-482F-8652-286439E10EAE}.Debug|Any CPU.ActiveCfg = Debug|Any CPU
		{795FD687-9052-482F-8652-286439E10EAE}.Debug|Any CPU.Build.0 = Debug|Any CPU
		{795FD687-9052-482F-8652-286439E10EAE}.Release|Any CPU.ActiveCfg = Release|Any CPU
		{795FD687-9052-482F-8652-286439E10EAE}.Release|Any CPU.Build.0 = Release|Any CPU
	EndGlobalSection
	GlobalSection(SolutionProperties) = preSolution
		HideSolutionNode = FALSE
	EndGlobalSection
	GlobalSection(ExtensibilityGlobals) = postSolution
		SolutionGuid = {2CFC4EBE-8F77-4594-B5D8-99B507E7D5D0}
	EndGlobalSection
EndGlobal
